
Microsoft Visual Studio Solution File, Format Version 12.00
# Visual Studio Version 17
VisualStudioVersion = 17.5.002.0
MinimumVisualStudioVersion = 10.0.40219.1
Project("{9A19103F-16F7-4668-BE54-9A1E7A4F7556}") = "task7", "task7.csproj", "{AF51CEE7-36B4-4B21-8086-22A43B41D828}"
EndProject
Global
	GlobalSection(SolutionConfigurationPlatforms) = preSolution
		Debug|Any CPU = Debug|Any CPU
		Release|Any CPU = Release|Any CPU
	EndGlobalSection
	GlobalSection(ProjectConfigurationPlatforms) = postSolution
		{AF51CEE7-36B4-4B21-8086-22A43B41D828}.Debug|Any CPU.ActiveCfg = Debug|Any CPU
		{AF51CEE7-36B4-4B21-8086-22A43B41D828}.Debug|Any CPU.Build.0 = Debug|Any CPU
		{AF51CEE7-36B4-4B21-8086-22A43B41D828}.Release|Any CPU.ActiveCfg = Release|Any CPU
		{AF51CEE7-36B4-4B21-8086-22A43B41D828}.Release|Any CPU.Build.0 = Release|Any CPU
	EndGlobalSection
	GlobalSection(SolutionProperties) = preSolution
		HideSolutionNode = FALSE
	EndGlobalSection
	GlobalSection(ExtensibilityGlobals) = postSolution
		SolutionGuid = {DF8AFEB7-4609-4631-A2FE-C2960D3F10C1}
	EndGlobalSection
EndGlobal
